# THIS IS AN AUTOGENERATED FILE. DO NOT EDIT THIS FILE DIRECTLY.
# yarn lockfile v1


fsevents@2.3.2:
  version "2.3.2"
  resolved "https://registry.yarnpkg.com/fsevents/-/fsevents-2.3.2.tgz#8a526f78b8fdf4623b709e0b975c52c24c02fd1a"
  integrity sha512-xiqMQR4xAeHTuB9uWm+fFRcIOgKBMiOBP+eXiyT7jsgVCq1bkVygt00oASowB7EdtpOHaaPgKt812P9ab+DDKA==

node-fetch@^2.7.0:
  version "2.7.0"
  resolved "https://registry.npmjs.org/node-fetch/-/node-fetch-2.7.0.tgz"
  integrity sha512-c4FRfUm/dbcWZ7U+1Wq0AwCyFL+3nt2bEw05wfxSz+DWpWsitgmSgYmy2dQdWyKC1694ELPqMs/YzUSNozLt8A==
  dependencies:
    whatwg-url "^5.0.0"

playwright-core@1.55.1:
  version "1.55.1"
  resolved "https://registry.npmjs.org/playwright-core/-/playwright-core-1.55.1.tgz"
  integrity sha512-Z6Mh9mkwX+zxSlHqdr5AOcJnfp+xUWLCt9uKV18fhzA8eyxUd8NUWzAjxUh55RZKSYwDGX0cfaySdhZJGMoJ+w==

playwright@^1.55.1:
  version "1.55.1"
  resolved "https://registry.npmjs.org/playwright/-/playwright-1.55.1.tgz"
  integrity sha512-cJW4Xd/G3v5ovXtJJ52MAOclqeac9S/aGGgRzLabuF8TnIb6xHvMzKIa6JmrRzUkeXJgfL1MhukP0NK6l39h3A==
  dependencies:
    playwright-core "1.55.1"
  optionalDependencies:
    fsevents "2.3.2"

tr46@~0.0.3:
  version "0.0.3"
  resolved "https://registry.npmjs.org/tr46/-/tr46-0.0.3.tgz"
  integrity sha512-N3WMsuqV66lT30CrXNbEjx4GEwlow3v6rr4mCcv6prnfwhS01rkgyFdjPNBYd9br7LpXV1+Emh01fHnq2Gdgrw==

webidl-conversions@^3.0.0:
  version "3.0.1"
  resolved "https://registry.npmjs.org/webidl-conversions/-/webidl-conversions-3.0.1.tgz"
  integrity sha512-2JAn3z8AR6rjK8Sm8orRC0h/bcl/DqL7tRPdGZ4I1CjdF+EaMLmYxBHyXuKL849eucPFhvBoxMsflfOb8kxaeQ==

whatwg-url@^5.0.0:
  version "5.0.0"
  resolved "https://registry.npmjs.org/whatwg-url/-/whatwg-url-5.0.0.tgz"
  integrity sha512-saE57nupxk6v3HY35+jzBwYa0rKSy0XR8JSxZPwgLr7ys0IBzhGviA1/TUGJLmSVqs8pb9AnvICXEuOHLprYTw==
  dependencies:
    tr46 "~0.0.3"
    webidl-conversions "^3.0.0"
